
Microsoft Visual Studio Solution File, Format Version 12.00
# Visual Studio Version 17
VisualStudioVersion = 17.9.34723.18
MinimumVisualStudioVersion = 10.0.40219.1
Project("{FAE04EC0-301F-11D3-BF4B-00C04F79EFBC}") = "Vehicle_Parking_Management", "Vehicle_Parking_System\Vehicle_Parking_Management.csproj", "{AB3CE2E8-A59C-4449-9852-21B9D26865ED}"
EndProject
Project("{FAE04EC0-301F-11D3-BF4B-00C04F79EFBC}") = "Vehicle_Parking_Management.tests", "Vehicle_Parking_Management.tests\Vehicle_Parking_Management.tests.csproj", "{2B9A08E7-1CD7-475B-9B7D-2074F68FD7E7}"
EndProject
Global
	GlobalSection(SolutionConfigurationPlatforms) = preSolution
		Debug|Any CPU = Debug|Any CPU
		Release|Any CPU = Release|Any CPU
	EndGlobalSection
	GlobalSection(ProjectConfigurationPlatforms) = postSolution
		{AB3CE2E8-A59C-4449-9852-21B9D26865ED}.Debug|Any CPU.ActiveCfg = Debug|Any CPU
		{AB3CE2E8-A59C-4449-9852-21B9D26865ED}.Debug|Any CPU.Build.0 = Debug|Any CPU
		{AB3CE2E8-A59C-4449-9852-21B9D26865ED}.Release|Any CPU.ActiveCfg = Release|Any CPU
		{AB3CE2E8-A59C-4449-9852-21B9D26865ED}.Release|Any CPU.Build.0 = Release|Any CPU
		{2B9A08E7-1CD7-475B-9B7D-2074F68FD7E7}.Debug|Any CPU.ActiveCfg = Debug|Any CPU
		{2B9A08E7-1CD7-475B-9B7D-2074F68FD7E7}.Debug|Any CPU.Build.0 = Debug|Any CPU
		{2B9A08E7-1CD7-475B-9B7D-2074F68FD7E7}.Release|Any CPU.ActiveCfg = Release|Any CPU
		{2B9A08E7-1CD7-475B-9B7D-2074F68FD7E7}.Release|Any CPU.Build.0 = Release|Any CPU
	EndGlobalSection
	GlobalSection(SolutionProperties) = preSolution
		HideSolutionNode = FALSE
	EndGlobalSection
	GlobalSection(ExtensibilityGlobals) = postSolution
		SolutionGuid = {0E9B1BA4-9D4A-4E9B-ABDA-0EAADF7ADC29}
	EndGlobalSection
EndGlobal
